
Microsoft Visual Studio Solution File, Format Version 12.00
# Visual Studio Version 17
VisualStudioVersion = 17.0.31903.59
MinimumVisualStudioVersion = 10.0.40219.1
Project("{9A19103F-16F7-4668-BE54-9A1E7A4F7556}") = "DsPitch", "DsPitch\DsPitch.csproj", "{EAABCAB8-7610-447B-861F-37A225B720BE}"
EndProject
Global
	GlobalSection(SolutionConfigurationPlatforms) = preSolution
		Debug|Any CPU = Debug|Any CPU
		Release|Any CPU = Release|Any CPU
	EndGlobalSection
	GlobalSection(ProjectConfigurationPlatforms) = postSolution
		{EAABCAB8-7610-447B-861F-37A225B720BE}.Debug|Any CPU.ActiveCfg = Debug|Any CPU
		{EAABCAB8-7610-447B-861F-37A225B720BE}.Debug|Any CPU.Build.0 = Debug|Any CPU
		{EAABCAB8-7610-447B-861F-37A225B720BE}.Release|Any CPU.ActiveCfg = Release|Any CPU
		{EAABCAB8-7610-447B-861F-37A225B720BE}.Release|Any CPU.Build.0 = Release|Any CPU
	EndGlobalSection
	GlobalSection(SolutionProperties) = preSolution
		HideSolutionNode = FALSE
	EndGlobalSection
EndGlobal
